
Microsoft Visual Studio Solution File, Format Version 12.00
# Visual Studio Version 17
VisualStudioVersion = 17.3.32929.385
MinimumVisualStudioVersion = 10.0.40219.1
Project("{FAE04EC0-301F-11D3-BF4B-00C04F79EFBC}") = "AmmoLog", "AmmoLog.csproj", "{99315596-B00A-4DBE-8B41-A718160D173C}"
EndProject
Global
	GlobalSection(SolutionConfigurationPlatforms) = preSolution
		Debug|Any CPU = Debug|Any CPU
		Release|Any CPU = Release|Any CPU
	EndGlobalSection
	GlobalSection(ProjectConfigurationPlatforms) = postSolution
		{99315596-B00A-4DBE-8B41-A718160D173C}.Debug|Any CPU.ActiveCfg = Debug|Any CPU
		{99315596-B00A-4DBE-8B41-A718160D173C}.Debug|Any CPU.Build.0 = Debug|Any CPU
		{99315596-B00A-4DBE-8B41-A718160D173C}.Release|Any CPU.ActiveCfg = Release|Any CPU
		{99315596-B00A-4DBE-8B41-A718160D173C}.Release|Any CPU.Build.0 = Release|Any CPU
	EndGlobalSection
	GlobalSection(SolutionProperties) = preSolution
		HideSolutionNode = FALSE
	EndGlobalSection
	GlobalSection(ExtensibilityGlobals) = postSolution
		SolutionGuid = {7F8569AC-CE7A-4B3A-BB10-D0111AF4335D}
	EndGlobalSection
EndGlobal
